
Microsoft Visual Studio Solution File, Format Version 12.00
# Visual Studio 15
VisualStudioVersion = 15.0.28307.136
MinimumVisualStudioVersion = 10.0.40219.1
Project("{FAE04EC0-301F-11D3-BF4B-00C04F79EFBC}") = "2", "2\2.csproj", "{742EDD9E-A06E-452E-A7CD-025F9E82A1FC}"
EndProject
Global
	GlobalSection(SolutionConfigurationPlatforms) = preSolution
		Debug|Any CPU = Debug|Any CPU
		Release|Any CPU = Release|Any CPU
	EndGlobalSection
	GlobalSection(ProjectConfigurationPlatforms) = postSolution
		{742EDD9E-A06E-452E-A7CD-025F9E82A1FC}.Debug|Any CPU.ActiveCfg = Debug|Any CPU
		{742EDD9E-A06E-452E-A7CD-025F9E82A1FC}.Debug|Any CPU.Build.0 = Debug|Any CPU
		{742EDD9E-A06E-452E-A7CD-025F9E82A1FC}.Release|Any CPU.ActiveCfg = Release|Any CPU
		{742EDD9E-A06E-452E-A7CD-025F9E82A1FC}.Release|Any CPU.Build.0 = Release|Any CPU
	EndGlobalSection
	GlobalSection(SolutionProperties) = preSolution
		HideSolutionNode = FALSE
	EndGlobalSection
	GlobalSection(ExtensibilityGlobals) = postSolution
		SolutionGuid = {0434A0C1-E755-492B-A88C-7E81A3B1FD4F}
	EndGlobalSection
EndGlobal
